
Microsoft Visual Studio Solution File, Format Version 12.00
Project("{FAE04EC0-301F-11D3-BF4B-00C04F79EFBC}") = "Allegro.Extensions.Guid", "Allegro.Extensions.Guid\Allegro.Extensions.Guid.csproj", "{D47784BF-7EC8-4129-8F49-67BA9D3FF3C1}"
EndProject
Project("{FAE04EC0-301F-11D3-BF4B-00C04F79EFBC}") = "Allegro.Extensions.Guid.Tests.Unit", "Allegro.Extensions.Guid.Tests.Unit\Allegro.Extensions.Guid.Tests.Unit.csproj", "{EAB26A65-AD47-4EE1-9402-4697DD3F5B7A}"
EndProject
Global
	GlobalSection(SolutionConfigurationPlatforms) = preSolution
		Debug|Any CPU = Debug|Any CPU
		Release|Any CPU = Release|Any CPU
	EndGlobalSection
	GlobalSection(ProjectConfigurationPlatforms) = postSolution
		{D47784BF-7EC8-4129-8F49-67BA9D3FF3C1}.Debug|Any CPU.ActiveCfg = Debug|Any CPU
		{D47784BF-7EC8-4129-8F49-67BA9D3FF3C1}.Debug|Any CPU.Build.0 = Debug|Any CPU
		{D47784BF-7EC8-4129-8F49-67BA9D3FF3C1}.Release|Any CPU.ActiveCfg = Release|Any CPU
		{D47784BF-7EC8-4129-8F49-67BA9D3FF3C1}.Release|Any CPU.Build.0 = Release|Any CPU
		{EAB26A65-AD47-4EE1-9402-4697DD3F5B7A}.Debug|Any CPU.ActiveCfg = Debug|Any CPU
		{EAB26A65-AD47-4EE1-9402-4697DD3F5B7A}.Debug|Any CPU.Build.0 = Debug|Any CPU
		{EAB26A65-AD47-4EE1-9402-4697DD3F5B7A}.Release|Any CPU.ActiveCfg = Release|Any CPU
		{EAB26A65-AD47-4EE1-9402-4697DD3F5B7A}.Release|Any CPU.Build.0 = Release|Any CPU
	EndGlobalSection
EndGlobal
