
Microsoft Visual Studio Solution File, Format Version 12.00
Project("{FAE04EC0-301F-11D3-BF4B-00C04F79EFBC}") = "Allegro.Extensions.DependencyCalls.Polly", "Allegro.Extensions.DependencyCalls.Polly\Allegro.Extensions.DependencyCalls.Polly.csproj", "{FE489585-F1F4-4D01-9EFB-7380CC61EE53}"
EndProject
Project("{FAE04EC0-301F-11D3-BF4B-00C04F79EFBC}") = "Allegro.Extensions.DependencyCalls.Tests.Unit", "Allegro.Extensions.DependencyCalls.Tests.Unit\Allegro.Extensions.DependencyCalls.Tests.Unit.csproj", "{1150B88B-C4B7-4D11-B689-ADB0AD2AACD8}"
EndProject
Project("{FAE04EC0-301F-11D3-BF4B-00C04F79EFBC}") = "Allegro.Extensions.DependencyCalls.Abstractions", "Allegro.Extensions.DependencyCalls.Abstractions\Allegro.Extensions.DependencyCalls.Abstractions.csproj", "{D04612EF-C500-488B-A8E6-8F334811C6E3}"
EndProject
Project("{FAE04EC0-301F-11D3-BF4B-00C04F79EFBC}") = "Allegro.Extensions.DependencyCalls.Metrics.Prometheus", "Allegro.Extensions.DependencyCalls.Metrics.Prometheus\Allegro.Extensions.DependencyCalls.Metrics.Prometheus.csproj", "{17E119E6-6DA2-451B-84B5-890A36EE0221}"
EndProject
Project("{FAE04EC0-301F-11D3-BF4B-00C04F79EFBC}") = "Allegro.Extensions.DependencyCalls", "Allegro.Extensions.DependencyCalls\Allegro.Extensions.DependencyCalls.csproj", "{20E28A06-A771-401D-B1BE-C479BC01E4B9}"
EndProject
Global
	GlobalSection(SolutionConfigurationPlatforms) = preSolution
		Debug|Any CPU = Debug|Any CPU
		Release|Any CPU = Release|Any CPU
	EndGlobalSection
	GlobalSection(ProjectConfigurationPlatforms) = postSolution
		{FE489585-F1F4-4D01-9EFB-7380CC61EE53}.Debug|Any CPU.ActiveCfg = Debug|Any CPU
		{FE489585-F1F4-4D01-9EFB-7380CC61EE53}.Debug|Any CPU.Build.0 = Debug|Any CPU
		{FE489585-F1F4-4D01-9EFB-7380CC61EE53}.Release|Any CPU.ActiveCfg = Release|Any CPU
		{FE489585-F1F4-4D01-9EFB-7380CC61EE53}.Release|Any CPU.Build.0 = Release|Any CPU
		{1150B88B-C4B7-4D11-B689-ADB0AD2AACD8}.Debug|Any CPU.ActiveCfg = Debug|Any CPU
		{1150B88B-C4B7-4D11-B689-ADB0AD2AACD8}.Debug|Any CPU.Build.0 = Debug|Any CPU
		{1150B88B-C4B7-4D11-B689-ADB0AD2AACD8}.Release|Any CPU.ActiveCfg = Release|Any CPU
		{1150B88B-C4B7-4D11-B689-ADB0AD2AACD8}.Release|Any CPU.Build.0 = Release|Any CPU
		{D04612EF-C500-488B-A8E6-8F334811C6E3}.Debug|Any CPU.ActiveCfg = Debug|Any CPU
		{D04612EF-C500-488B-A8E6-8F334811C6E3}.Debug|Any CPU.Build.0 = Debug|Any CPU
		{D04612EF-C500-488B-A8E6-8F334811C6E3}.Release|Any CPU.ActiveCfg = Release|Any CPU
		{D04612EF-C500-488B-A8E6-8F334811C6E3}.Release|Any CPU.Build.0 = Release|Any CPU
		{17E119E6-6DA2-451B-84B5-890A36EE0221}.Debug|Any CPU.ActiveCfg = Debug|Any CPU
		{17E119E6-6DA2-451B-84B5-890A36EE0221}.Debug|Any CPU.Build.0 = Debug|Any CPU
		{17E119E6-6DA2-451B-84B5-890A36EE0221}.Release|Any CPU.ActiveCfg = Release|Any CPU
		{17E119E6-6DA2-451B-84B5-890A36EE0221}.Release|Any CPU.Build.0 = Release|Any CPU
		{20E28A06-A771-401D-B1BE-C479BC01E4B9}.Debug|Any CPU.ActiveCfg = Debug|Any CPU
		{20E28A06-A771-401D-B1BE-C479BC01E4B9}.Debug|Any CPU.Build.0 = Debug|Any CPU
		{20E28A06-A771-401D-B1BE-C479BC01E4B9}.Release|Any CPU.ActiveCfg = Release|Any CPU
		{20E28A06-A771-401D-B1BE-C479BC01E4B9}.Release|Any CPU.Build.0 = Release|Any CPU
	EndGlobalSection
EndGlobal
