
Microsoft Visual Studio Solution File, Format Version 12.00
Project("{FAE04EC0-301F-11D3-BF4B-00C04F79EFBC}") = "Allegro.Extensions.Validators", "Allegro.Extensions.Validators\Allegro.Extensions.Validators.csproj", "{FE489585-F1F4-4D01-9EFB-7380CC61EE53}"
EndProject
Project("{FAE04EC0-301F-11D3-BF4B-00C04F79EFBC}") = "Allegro.Extensions.Validators.Tests.Unit", "Allegro.Extensions.Validators.Tests.Unit\Allegro.Extensions.Validators.Tests.Unit.csproj", "{1150B88B-C4B7-4D11-B689-ADB0AD2AACD8}"
EndProject
Global
	GlobalSection(SolutionConfigurationPlatforms) = preSolution
		Debug|Any CPU = Debug|Any CPU
		Release|Any CPU = Release|Any CPU
	EndGlobalSection
	GlobalSection(ProjectConfigurationPlatforms) = postSolution
		{FE489585-F1F4-4D01-9EFB-7380CC61EE53}.Debug|Any CPU.ActiveCfg = Debug|Any CPU
		{FE489585-F1F4-4D01-9EFB-7380CC61EE53}.Debug|Any CPU.Build.0 = Debug|Any CPU
		{FE489585-F1F4-4D01-9EFB-7380CC61EE53}.Release|Any CPU.ActiveCfg = Release|Any CPU
		{FE489585-F1F4-4D01-9EFB-7380CC61EE53}.Release|Any CPU.Build.0 = Release|Any CPU
		{1150B88B-C4B7-4D11-B689-ADB0AD2AACD8}.Debug|Any CPU.ActiveCfg = Debug|Any CPU
		{1150B88B-C4B7-4D11-B689-ADB0AD2AACD8}.Debug|Any CPU.Build.0 = Debug|Any CPU
		{1150B88B-C4B7-4D11-B689-ADB0AD2AACD8}.Release|Any CPU.ActiveCfg = Release|Any CPU
		{1150B88B-C4B7-4D11-B689-ADB0AD2AACD8}.Release|Any CPU.Build.0 = Release|Any CPU
	EndGlobalSection
EndGlobal
